
Microsoft Visual Studio Solution File, Format Version 12.00
# Visual Studio Version 17
VisualStudioVersion = 17.2.32516.85
MinimumVisualStudioVersion = 10.0.40219.1
Project("{FAE04EC0-301F-11D3-BF4B-00C04F79EFBC}") = "CV assignment", "CV assignment\CV assignment.csproj", "{09041492-0600-4EBC-AD8C-BCF54AEA2B9F}"
EndProject
Global
	GlobalSection(SolutionConfigurationPlatforms) = preSolution
		Debug|Any CPU = Debug|Any CPU
		Release|Any CPU = Release|Any CPU
	EndGlobalSection
	GlobalSection(ProjectConfigurationPlatforms) = postSolution
		{09041492-0600-4EBC-AD8C-BCF54AEA2B9F}.Debug|Any CPU.ActiveCfg = Debug|Any CPU
		{09041492-0600-4EBC-AD8C-BCF54AEA2B9F}.Debug|Any CPU.Build.0 = Debug|Any CPU
		{09041492-0600-4EBC-AD8C-BCF54AEA2B9F}.Release|Any CPU.ActiveCfg = Release|Any CPU
		{09041492-0600-4EBC-AD8C-BCF54AEA2B9F}.Release|Any CPU.Build.0 = Release|Any CPU
	EndGlobalSection
	GlobalSection(SolutionProperties) = preSolution
		HideSolutionNode = FALSE
	EndGlobalSection
	GlobalSection(ExtensibilityGlobals) = postSolution
		SolutionGuid = {5027614D-E663-40F0-B788-002003425B86}
	EndGlobalSection
EndGlobal
