
Microsoft Visual Studio Solution File, Format Version 12.00
# Visual Studio Version 17
VisualStudioVersion = 17.2.32516.85
MinimumVisualStudioVersion = 10.0.40219.1
Project("{FAE04EC0-301F-11D3-BF4B-00C04F79EFBC}") = "NH", "NH\NH.csproj", "{E4CC68E7-1F6B-498E-9A07-58D95FAA42FD}"
EndProject
Global
	GlobalSection(SolutionConfigurationPlatforms) = preSolution
		Debug|Any CPU = Debug|Any CPU
		Release|Any CPU = Release|Any CPU
	EndGlobalSection
	GlobalSection(ProjectConfigurationPlatforms) = postSolution
		{E4CC68E7-1F6B-498E-9A07-58D95FAA42FD}.Debug|Any CPU.ActiveCfg = Debug|Any CPU
		{E4CC68E7-1F6B-498E-9A07-58D95FAA42FD}.Debug|Any CPU.Build.0 = Debug|Any CPU
		{E4CC68E7-1F6B-498E-9A07-58D95FAA42FD}.Release|Any CPU.ActiveCfg = Release|Any CPU
		{E4CC68E7-1F6B-498E-9A07-58D95FAA42FD}.Release|Any CPU.Build.0 = Release|Any CPU
	EndGlobalSection
	GlobalSection(SolutionProperties) = preSolution
		HideSolutionNode = FALSE
	EndGlobalSection
	GlobalSection(ExtensibilityGlobals) = postSolution
		SolutionGuid = {6819F2B4-D1D3-4721-BAC7-4662F9DE4B74}
	EndGlobalSection
EndGlobal
